
Microsoft Visual Studio Solution File, Format Version 12.00
# Visual Studio 2013
VisualStudioVersion = 12.0.40629.0
MinimumVisualStudioVersion = 10.0.40219.1
Project("{FAE04EC0-301F-11D3-BF4B-00C04F79EFBC}") = "ShowBox", "ShowBox\ShowBox.csproj", "{C393A41E-920E-4FF4-8321-467472C9C6A3}"
EndProject
Project("{FAE04EC0-301F-11D3-BF4B-00C04F79EFBC}") = "Model", "Model\Model.csproj", "{6099FA5C-4590-4A93-80F2-053CB276895B}"
EndProject
Project("{FAE04EC0-301F-11D3-BF4B-00C04F79EFBC}") = "Bll", "Bll\Bll.csproj", "{74D295AB-E9D8-4ABA-AEC0-F7491291DDEA}"
EndProject
Project("{FAE04EC0-301F-11D3-BF4B-00C04F79EFBC}") = "Dal", "Dal\Dal.csproj", "{6BFEFA62-499C-4525-9D79-95DDF00A5991}"
EndProject
Project("{FAE04EC0-301F-11D3-BF4B-00C04F79EFBC}") = "Common", "Common\Common.csproj", "{80037CAD-0EB5-4521-AA65-52591E14C319}"
EndProject
Project("{6141683F-8A12-4E36-9623-2EB02B2C2303}") = "Setup1", "Setup1\Setup1.isproj", "{75EF8C13-46F5-46E3-8806-78B2C9CC0FB2}"
EndProject
Project("{FAE04EC0-301F-11D3-BF4B-00C04F79EFBC}") = "Configuration Manager", "Configuration Manager\Configuration Manager.csproj", "{85D7BF72-0AB1-484B-AD0D-57D1CBC74BFD}"
EndProject
Global
	GlobalSection(SolutionConfigurationPlatforms) = preSolution
		CD_ROM|Any CPU = CD_ROM|Any CPU
		CD_ROM|Mixed Platforms = CD_ROM|Mixed Platforms
		CD_ROM|x86 = CD_ROM|x86
		Debug|Any CPU = Debug|Any CPU
		Debug|Mixed Platforms = Debug|Mixed Platforms
		Debug|x86 = Debug|x86
		DVD-5|Any CPU = DVD-5|Any CPU
		DVD-5|Mixed Platforms = DVD-5|Mixed Platforms
		DVD-5|x86 = DVD-5|x86
		Release|Any CPU = Release|Any CPU
		Release|Mixed Platforms = Release|Mixed Platforms
		Release|x86 = Release|x86
		SingleImage|Any CPU = SingleImage|Any CPU
		SingleImage|Mixed Platforms = SingleImage|Mixed Platforms
		SingleImage|x86 = SingleImage|x86
	EndGlobalSection
	GlobalSection(ProjectConfigurationPlatforms) = postSolution
		{C393A41E-920E-4FF4-8321-467472C9C6A3}.CD_ROM|Any CPU.ActiveCfg = Release|Any CPU
		{C393A41E-920E-4FF4-8321-467472C9C6A3}.CD_ROM|Any CPU.Build.0 = Release|Any CPU
		{C393A41E-920E-4FF4-8321-467472C9C6A3}.CD_ROM|Mixed Platforms.ActiveCfg = Release|x86
		{C393A41E-920E-4FF4-8321-467472C9C6A3}.CD_ROM|Mixed Platforms.Build.0 = Release|x86
		{C393A41E-920E-4FF4-8321-467472C9C6A3}.CD_ROM|x86.ActiveCfg = Release|x86
		{C393A41E-920E-4FF4-8321-467472C9C6A3}.CD_ROM|x86.Build.0 = Release|x86
		{C393A41E-920E-4FF4-8321-467472C9C6A3}.Debug|Any CPU.ActiveCfg = Debug|Any CPU
		{C393A41E-920E-4FF4-8321-467472C9C6A3}.Debug|Any CPU.Build.0 = Debug|Any CPU
		{C393A41E-920E-4FF4-8321-467472C9C6A3}.Debug|Mixed Platforms.ActiveCfg = Debug|x86
		{C393A41E-920E-4FF4-8321-467472C9C6A3}.Debug|Mixed Platforms.Build.0 = Debug|x86
		{C393A41E-920E-4FF4-8321-467472C9C6A3}.Debug|x86.ActiveCfg = Debug|x86
		{C393A41E-920E-4FF4-8321-467472C9C6A3}.Debug|x86.Build.0 = Debug|x86
		{C393A41E-920E-4FF4-8321-467472C9C6A3}.DVD-5|Any CPU.ActiveCfg = Debug|Any CPU
		{C393A41E-920E-4FF4-8321-467472C9C6A3}.DVD-5|Any CPU.Build.0 = Debug|Any CPU
		{C393A41E-920E-4FF4-8321-467472C9C6A3}.DVD-5|Mixed Platforms.ActiveCfg = Debug|x86
		{C393A41E-920E-4FF4-8321-467472C9C6A3}.DVD-5|Mixed Platforms.Build.0 = Debug|x86
		{C393A41E-920E-4FF4-8321-467472C9C6A3}.DVD-5|x86.ActiveCfg = Debug|x86
		{C393A41E-920E-4FF4-8321-467472C9C6A3}.DVD-5|x86.Build.0 = Debug|x86
		{C393A41E-920E-4FF4-8321-467472C9C6A3}.Release|Any CPU.ActiveCfg = Release|Any CPU
		{C393A41E-920E-4FF4-8321-467472C9C6A3}.Release|Any CPU.Build.0 = Release|Any CPU
		{C393A41E-920E-4FF4-8321-467472C9C6A3}.Release|Mixed Platforms.ActiveCfg = Release|x86
		{C393A41E-920E-4FF4-8321-467472C9C6A3}.Release|Mixed Platforms.Build.0 = Release|x86
		{C393A41E-920E-4FF4-8321-467472C9C6A3}.Release|x86.ActiveCfg = Release|x86
		{C393A41E-920E-4FF4-8321-467472C9C6A3}.Release|x86.Build.0 = Release|x86
		{C393A41E-920E-4FF4-8321-467472C9C6A3}.Release|x86.Deploy.0 = Release|x86
		{C393A41E-920E-4FF4-8321-467472C9C6A3}.SingleImage|Any CPU.ActiveCfg = Release|Any CPU
		{C393A41E-920E-4FF4-8321-467472C9C6A3}.SingleImage|Any CPU.Build.0 = Release|Any CPU
		{C393A41E-920E-4FF4-8321-467472C9C6A3}.SingleImage|Mixed Platforms.ActiveCfg = Release|x86
		{C393A41E-920E-4FF4-8321-467472C9C6A3}.SingleImage|Mixed Platforms.Build.0 = Release|x86
		{C393A41E-920E-4FF4-8321-467472C9C6A3}.SingleImage|x86.ActiveCfg = Release|x86
		{C393A41E-920E-4FF4-8321-467472C9C6A3}.SingleImage|x86.Build.0 = Release|x86
		{6099FA5C-4590-4A93-80F2-053CB276895B}.CD_ROM|Any CPU.ActiveCfg = Release|Any CPU
		{6099FA5C-4590-4A93-80F2-053CB276895B}.CD_ROM|Any CPU.Build.0 = Release|Any CPU
		{6099FA5C-4590-4A93-80F2-053CB276895B}.CD_ROM|Mixed Platforms.ActiveCfg = Release|Any CPU
		{6099FA5C-4590-4A93-80F2-053CB276895B}.CD_ROM|Mixed Platforms.Build.0 = Release|Any CPU
		{6099FA5C-4590-4A93-80F2-053CB276895B}.CD_ROM|x86.ActiveCfg = Release|Any CPU
		{6099FA5C-4590-4A93-80F2-053CB276895B}.Debug|Any CPU.ActiveCfg = Debug|Any CPU
		{6099FA5C-4590-4A93-80F2-053CB276895B}.Debug|Any CPU.Build.0 = Debug|Any CPU
		{6099FA5C-4590-4A93-80F2-053CB276895B}.Debug|Mixed Platforms.ActiveCfg = Debug|Any CPU
		{6099FA5C-4590-4A93-80F2-053CB276895B}.Debug|Mixed Platforms.Build.0 = Debug|Any CPU
		{6099FA5C-4590-4A93-80F2-053CB276895B}.Debug|x86.ActiveCfg = Debug|Any CPU
		{6099FA5C-4590-4A93-80F2-053CB276895B}.DVD-5|Any CPU.ActiveCfg = Debug|Any CPU
		{6099FA5C-4590-4A93-80F2-053CB276895B}.DVD-5|Any CPU.Build.0 = Debug|Any CPU
		{6099FA5C-4590-4A93-80F2-053CB276895B}.DVD-5|Mixed Platforms.ActiveCfg = Debug|Any CPU
		{6099FA5C-4590-4A93-80F2-053CB276895B}.DVD-5|Mixed Platforms.Build.0 = Debug|Any CPU
		{6099FA5C-4590-4A93-80F2-053CB276895B}.DVD-5|x86.ActiveCfg = Debug|Any CPU
		{6099FA5C-4590-4A93-80F2-053CB276895B}.Release|Any CPU.ActiveCfg = Release|Any CPU
		{6099FA5C-4590-4A93-80F2-053CB276895B}.Release|Any CPU.Build.0 = Release|Any CPU
		{6099FA5C-4590-4A93-80F2-053CB276895B}.Release|Mixed Platforms.ActiveCfg = Release|Any CPU
		{6099FA5C-4590-4A93-80F2-053CB276895B}.Release|Mixed Platforms.Build.0 = Release|Any CPU
		{6099FA5C-4590-4A93-80F2-053CB276895B}.Release|x86.ActiveCfg = Release|Any CPU
		{6099FA5C-4590-4A93-80F2-053CB276895B}.Release|x86.Build.0 = Release|Any CPU
		{6099FA5C-4590-4A93-80F2-053CB276895B}.SingleImage|Any CPU.ActiveCfg = Release|Any CPU
		{6099FA5C-4590-4A93-80F2-053CB276895B}.SingleImage|Any CPU.Build.0 = Release|Any CPU
		{6099FA5C-4590-4A93-80F2-053CB276895B}.SingleImage|Mixed Platforms.ActiveCfg = Release|Any CPU
		{6099FA5C-4590-4A93-80F2-053CB276895B}.SingleImage|Mixed Platforms.Build.0 = Release|Any CPU
		{6099FA5C-4590-4A93-80F2-053CB276895B}.SingleImage|x86.ActiveCfg = Release|Any CPU
		{74D295AB-E9D8-4ABA-AEC0-F7491291DDEA}.CD_ROM|Any CPU.ActiveCfg = Release|Any CPU
		{74D295AB-E9D8-4ABA-AEC0-F7491291DDEA}.CD_ROM|Any CPU.Build.0 = Release|Any CPU
		{74D295AB-E9D8-4ABA-AEC0-F7491291DDEA}.CD_ROM|Mixed Platforms.ActiveCfg = Release|Any CPU
		{74D295AB-E9D8-4ABA-AEC0-F7491291DDEA}.CD_ROM|Mixed Platforms.Build.0 = Release|Any CPU
		{74D295AB-E9D8-4ABA-AEC0-F7491291DDEA}.CD_ROM|x86.ActiveCfg = Release|Any CPU
		{74D295AB-E9D8-4ABA-AEC0-F7491291DDEA}.Debug|Any CPU.ActiveCfg = Debug|Any CPU
		{74D295AB-E9D8-4ABA-AEC0-F7491291DDEA}.Debug|Any CPU.Build.0 = Debug|Any CPU
		{74D295AB-E9D8-4ABA-AEC0-F7491291DDEA}.Debug|Mixed Platforms.ActiveCfg = Debug|Any CPU
		{74D295AB-E9D8-4ABA-AEC0-F7491291DDEA}.Debug|Mixed Platforms.Build.0 = Debug|Any CPU
		{74D295AB-E9D8-4ABA-AEC0-F7491291DDEA}.Debug|x86.ActiveCfg = Debug|Any CPU
		{74D295AB-E9D8-4ABA-AEC0-F7491291DDEA}.DVD-5|Any CPU.ActiveCfg = Debug|Any CPU
		{74D295AB-E9D8-4ABA-AEC0-F7491291DDEA}.DVD-5|Any CPU.Build.0 = Debug|Any CPU
		{74D295AB-E9D8-4ABA-AEC0-F7491291DDEA}.DVD-5|Mixed Platforms.ActiveCfg = Debug|Any CPU
		{74D295AB-E9D8-4ABA-AEC0-F7491291DDEA}.DVD-5|Mixed Platforms.Build.0 = Debug|Any CPU
		{74D295AB-E9D8-4ABA-AEC0-F7491291DDEA}.DVD-5|x86.ActiveCfg = Debug|Any CPU
		{74D295AB-E9D8-4ABA-AEC0-F7491291DDEA}.Release|Any CPU.ActiveCfg = Release|Any CPU
		{74D295AB-E9D8-4ABA-AEC0-F7491291DDEA}.Release|Any CPU.Build.0 = Release|Any CPU
		{74D295AB-E9D8-4ABA-AEC0-F7491291DDEA}.Release|Mixed Platforms.ActiveCfg = Release|Any CPU
		{74D295AB-E9D8-4ABA-AEC0-F7491291DDEA}.Release|Mixed Platforms.Build.0 = Release|Any CPU
		{74D295AB-E9D8-4ABA-AEC0-F7491291DDEA}.Release|x86.ActiveCfg = Release|Any CPU
		{74D295AB-E9D8-4ABA-AEC0-F7491291DDEA}.Release|x86.Build.0 = Release|Any CPU
		{74D295AB-E9D8-4ABA-AEC0-F7491291DDEA}.SingleImage|Any CPU.ActiveCfg = Release|Any CPU
		{74D295AB-E9D8-4ABA-AEC0-F7491291DDEA}.SingleImage|Any CPU.Build.0 = Release|Any CPU
		{74D295AB-E9D8-4ABA-AEC0-F7491291DDEA}.SingleImage|Mixed Platforms.ActiveCfg = Release|Any CPU
		{74D295AB-E9D8-4ABA-AEC0-F7491291DDEA}.SingleImage|Mixed Platforms.Build.0 = Release|Any CPU
		{74D295AB-E9D8-4ABA-AEC0-F7491291DDEA}.SingleImage|x86.ActiveCfg = Release|Any CPU
		{6BFEFA62-499C-4525-9D79-95DDF00A5991}.CD_ROM|Any CPU.ActiveCfg = Release|Any CPU
		{6BFEFA62-499C-4525-9D79-95DDF00A5991}.CD_ROM|Any CPU.Build.0 = Release|Any CPU
		{6BFEFA62-499C-4525-9D79-95DDF00A5991}.CD_ROM|Mixed Platforms.ActiveCfg = Release|Any CPU
		{6BFEFA62-499C-4525-9D79-95DDF00A5991}.CD_ROM|Mixed Platforms.Build.0 = Release|Any CPU
		{6BFEFA62-499C-4525-9D79-95DDF00A5991}.CD_ROM|x86.ActiveCfg = Release|Any CPU
		{6BFEFA62-499C-4525-9D79-95DDF00A5991}.Debug|Any CPU.ActiveCfg = Debug|Any CPU
		{6BFEFA62-499C-4525-9D79-95DDF00A5991}.Debug|Any CPU.Build.0 = Debug|Any CPU
		{6BFEFA62-499C-4525-9D79-95DDF00A5991}.Debug|Mixed Platforms.ActiveCfg = Debug|Any CPU
		{6BFEFA62-499C-4525-9D79-95DDF00A5991}.Debug|Mixed Platforms.Build.0 = Debug|Any CPU
		{6BFEFA62-499C-4525-9D79-95DDF00A5991}.Debug|x86.ActiveCfg = Debug|Any CPU
		{6BFEFA62-499C-4525-9D79-95DDF00A5991}.DVD-5|Any CPU.ActiveCfg = Debug|Any CPU
		{6BFEFA62-499C-4525-9D79-95DDF00A5991}.DVD-5|Any CPU.Build.0 = Debug|Any CPU
		{6BFEFA62-499C-4525-9D79-95DDF00A5991}.DVD-5|Mixed Platforms.ActiveCfg = Debug|Any CPU
		{6BFEFA62-499C-4525-9D79-95DDF00A5991}.DVD-5|Mixed Platforms.Build.0 = Debug|Any CPU
		{6BFEFA62-499C-4525-9D79-95DDF00A5991}.DVD-5|x86.ActiveCfg = Debug|Any CPU
		{6BFEFA62-499C-4525-9D79-95DDF00A5991}.Release|Any CPU.ActiveCfg = Release|Any CPU
		{6BFEFA62-499C-4525-9D79-95DDF00A5991}.Release|Any CPU.Build.0 = Release|Any CPU
		{6BFEFA62-499C-4525-9D79-95DDF00A5991}.Release|Mixed Platforms.ActiveCfg = Release|Any CPU
		{6BFEFA62-499C-4525-9D79-95DDF00A5991}.Release|Mixed Platforms.Build.0 = Release|Any CPU
		{6BFEFA62-499C-4525-9D79-95DDF00A5991}.Release|x86.ActiveCfg = Release|Any CPU
		{6BFEFA62-499C-4525-9D79-95DDF00A5991}.Release|x86.Build.0 = Release|Any CPU
		{6BFEFA62-499C-4525-9D79-95DDF00A5991}.SingleImage|Any CPU.ActiveCfg = Release|Any CPU
		{6BFEFA62-499C-4525-9D79-95DDF00A5991}.SingleImage|Any CPU.Build.0 = Release|Any CPU
		{6BFEFA62-499C-4525-9D79-95DDF00A5991}.SingleImage|Mixed Platforms.ActiveCfg = Release|Any CPU
		{6BFEFA62-499C-4525-9D79-95DDF00A5991}.SingleImage|Mixed Platforms.Build.0 = Release|Any CPU
		{6BFEFA62-499C-4525-9D79-95DDF00A5991}.SingleImage|x86.ActiveCfg = Release|Any CPU
		{80037CAD-0EB5-4521-AA65-52591E14C319}.CD_ROM|Any CPU.ActiveCfg = Release|Any CPU
		{80037CAD-0EB5-4521-AA65-52591E14C319}.CD_ROM|Any CPU.Build.0 = Release|Any CPU
		{80037CAD-0EB5-4521-AA65-52591E14C319}.CD_ROM|Mixed Platforms.ActiveCfg = Release|Any CPU
		{80037CAD-0EB5-4521-AA65-52591E14C319}.CD_ROM|Mixed Platforms.Build.0 = Release|Any CPU
		{80037CAD-0EB5-4521-AA65-52591E14C319}.CD_ROM|x86.ActiveCfg = Release|Any CPU
		{80037CAD-0EB5-4521-AA65-52591E14C319}.Debug|Any CPU.ActiveCfg = Debug|Any CPU
		{80037CAD-0EB5-4521-AA65-52591E14C319}.Debug|Any CPU.Build.0 = Debug|Any CPU
		{80037CAD-0EB5-4521-AA65-52591E14C319}.Debug|Mixed Platforms.ActiveCfg = Debug|Any CPU
		{80037CAD-0EB5-4521-AA65-52591E14C319}.Debug|Mixed Platforms.Build.0 = Debug|Any CPU
		{80037CAD-0EB5-4521-AA65-52591E14C319}.Debug|x86.ActiveCfg = Debug|Any CPU
		{80037CAD-0EB5-4521-AA65-52591E14C319}.DVD-5|Any CPU.ActiveCfg = Debug|Any CPU
		{80037CAD-0EB5-4521-AA65-52591E14C319}.DVD-5|Any CPU.Build.0 = Debug|Any CPU
		{80037CAD-0EB5-4521-AA65-52591E14C319}.DVD-5|Mixed Platforms.ActiveCfg = Debug|Any CPU
		{80037CAD-0EB5-4521-AA65-52591E14C319}.DVD-5|Mixed Platforms.Build.0 = Debug|Any CPU
		{80037CAD-0EB5-4521-AA65-52591E14C319}.DVD-5|x86.ActiveCfg = Debug|Any CPU
		{80037CAD-0EB5-4521-AA65-52591E14C319}.Release|Any CPU.ActiveCfg = Release|Any CPU
		{80037CAD-0EB5-4521-AA65-52591E14C319}.Release|Any CPU.Build.0 = Release|Any CPU
		{80037CAD-0EB5-4521-AA65-52591E14C319}.Release|Mixed Platforms.ActiveCfg = Release|Any CPU
		{80037CAD-0EB5-4521-AA65-52591E14C319}.Release|Mixed Platforms.Build.0 = Release|Any CPU
		{80037CAD-0EB5-4521-AA65-52591E14C319}.Release|x86.ActiveCfg = Release|Any CPU
		{80037CAD-0EB5-4521-AA65-52591E14C319}.Release|x86.Build.0 = Release|Any CPU
		{80037CAD-0EB5-4521-AA65-52591E14C319}.SingleImage|Any CPU.ActiveCfg = Release|Any CPU
		{80037CAD-0EB5-4521-AA65-52591E14C319}.SingleImage|Any CPU.Build.0 = Release|Any CPU
		{80037CAD-0EB5-4521-AA65-52591E14C319}.SingleImage|Mixed Platforms.ActiveCfg = Release|Any CPU
		{80037CAD-0EB5-4521-AA65-52591E14C319}.SingleImage|Mixed Platforms.Build.0 = Release|Any CPU
		{80037CAD-0EB5-4521-AA65-52591E14C319}.SingleImage|x86.ActiveCfg = Release|Any CPU
		{75EF8C13-46F5-46E3-8806-78B2C9CC0FB2}.CD_ROM|Any CPU.ActiveCfg = CD_ROM
		{75EF8C13-46F5-46E3-8806-78B2C9CC0FB2}.CD_ROM|Any CPU.Build.0 = CD_ROM
		{75EF8C13-46F5-46E3-8806-78B2C9CC0FB2}.CD_ROM|Mixed Platforms.ActiveCfg = CD_ROM
		{75EF8C13-46F5-46E3-8806-78B2C9CC0FB2}.CD_ROM|Mixed Platforms.Build.0 = CD_ROM
		{75EF8C13-46F5-46E3-8806-78B2C9CC0FB2}.CD_ROM|x86.ActiveCfg = CD_ROM
		{75EF8C13-46F5-46E3-8806-78B2C9CC0FB2}.CD_ROM|x86.Build.0 = CD_ROM
		{75EF8C13-46F5-46E3-8806-78B2C9CC0FB2}.Debug|Any CPU.ActiveCfg = DVD-5
		{75EF8C13-46F5-46E3-8806-78B2C9CC0FB2}.Debug|Any CPU.Build.0 = DVD-5
		{75EF8C13-46F5-46E3-8806-78B2C9CC0FB2}.Debug|Mixed Platforms.ActiveCfg = DVD-5
		{75EF8C13-46F5-46E3-8806-78B2C9CC0FB2}.Debug|Mixed Platforms.Build.0 = DVD-5
		{75EF8C13-46F5-46E3-8806-78B2C9CC0FB2}.Debug|x86.ActiveCfg = DVD-5
		{75EF8C13-46F5-46E3-8806-78B2C9CC0FB2}.Debug|x86.Build.0 = DVD-5
		{75EF8C13-46F5-46E3-8806-78B2C9CC0FB2}.DVD-5|Any CPU.ActiveCfg = DVD-5
		{75EF8C13-46F5-46E3-8806-78B2C9CC0FB2}.DVD-5|Any CPU.Build.0 = DVD-5
		{75EF8C13-46F5-46E3-8806-78B2C9CC0FB2}.DVD-5|Mixed Platforms.ActiveCfg = DVD-5
		{75EF8C13-46F5-46E3-8806-78B2C9CC0FB2}.DVD-5|Mixed Platforms.Build.0 = DVD-5
		{75EF8C13-46F5-46E3-8806-78B2C9CC0FB2}.DVD-5|x86.ActiveCfg = DVD-5
		{75EF8C13-46F5-46E3-8806-78B2C9CC0FB2}.DVD-5|x86.Build.0 = DVD-5
		{75EF8C13-46F5-46E3-8806-78B2C9CC0FB2}.Release|Any CPU.ActiveCfg = SingleImage
		{75EF8C13-46F5-46E3-8806-78B2C9CC0FB2}.Release|Any CPU.Build.0 = SingleImage
		{75EF8C13-46F5-46E3-8806-78B2C9CC0FB2}.Release|Mixed Platforms.ActiveCfg = SingleImage
		{75EF8C13-46F5-46E3-8806-78B2C9CC0FB2}.Release|Mixed Platforms.Build.0 = SingleImage
		{75EF8C13-46F5-46E3-8806-78B2C9CC0FB2}.Release|x86.ActiveCfg = SingleImage
		{75EF8C13-46F5-46E3-8806-78B2C9CC0FB2}.Release|x86.Build.0 = SingleImage
		{75EF8C13-46F5-46E3-8806-78B2C9CC0FB2}.Release|x86.Deploy.0 = SingleImage
		{75EF8C13-46F5-46E3-8806-78B2C9CC0FB2}.SingleImage|Any CPU.ActiveCfg = SingleImage
		{75EF8C13-46F5-46E3-8806-78B2C9CC0FB2}.SingleImage|Any CPU.Build.0 = SingleImage
		{75EF8C13-46F5-46E3-8806-78B2C9CC0FB2}.SingleImage|Mixed Platforms.ActiveCfg = SingleImage
		{75EF8C13-46F5-46E3-8806-78B2C9CC0FB2}.SingleImage|Mixed Platforms.Build.0 = SingleImage
		{75EF8C13-46F5-46E3-8806-78B2C9CC0FB2}.SingleImage|x86.ActiveCfg = SingleImage
		{75EF8C13-46F5-46E3-8806-78B2C9CC0FB2}.SingleImage|x86.Build.0 = SingleImage
		{85D7BF72-0AB1-484B-AD0D-57D1CBC74BFD}.CD_ROM|Any CPU.ActiveCfg = Release|Any CPU
		{85D7BF72-0AB1-484B-AD0D-57D1CBC74BFD}.CD_ROM|Any CPU.Build.0 = Release|Any CPU
		{85D7BF72-0AB1-484B-AD0D-57D1CBC74BFD}.CD_ROM|Mixed Platforms.ActiveCfg = Release|Any CPU
		{85D7BF72-0AB1-484B-AD0D-57D1CBC74BFD}.CD_ROM|Mixed Platforms.Build.0 = Release|Any CPU
		{85D7BF72-0AB1-484B-AD0D-57D1CBC74BFD}.CD_ROM|x86.ActiveCfg = Release|Any CPU
		{85D7BF72-0AB1-484B-AD0D-57D1CBC74BFD}.Debug|Any CPU.ActiveCfg = Debug|Any CPU
		{85D7BF72-0AB1-484B-AD0D-57D1CBC74BFD}.Debug|Any CPU.Build.0 = Debug|Any CPU
		{85D7BF72-0AB1-484B-AD0D-57D1CBC74BFD}.Debug|Mixed Platforms.ActiveCfg = Debug|Any CPU
		{85D7BF72-0AB1-484B-AD0D-57D1CBC74BFD}.Debug|Mixed Platforms.Build.0 = Debug|Any CPU
		{85D7BF72-0AB1-484B-AD0D-57D1CBC74BFD}.Debug|x86.ActiveCfg = Debug|Any CPU
		{85D7BF72-0AB1-484B-AD0D-57D1CBC74BFD}.DVD-5|Any CPU.ActiveCfg = Debug|Any CPU
		{85D7BF72-0AB1-484B-AD0D-57D1CBC74BFD}.DVD-5|Any CPU.Build.0 = Debug|Any CPU
		{85D7BF72-0AB1-484B-AD0D-57D1CBC74BFD}.DVD-5|Mixed Platforms.ActiveCfg = Debug|Any CPU
		{85D7BF72-0AB1-484B-AD0D-57D1CBC74BFD}.DVD-5|Mixed Platforms.Build.0 = Debug|Any CPU
		{85D7BF72-0AB1-484B-AD0D-57D1CBC74BFD}.DVD-5|x86.ActiveCfg = Debug|Any CPU
		{85D7BF72-0AB1-484B-AD0D-57D1CBC74BFD}.Release|Any CPU.ActiveCfg = Release|Any CPU
		{85D7BF72-0AB1-484B-AD0D-57D1CBC74BFD}.Release|Any CPU.Build.0 = Release|Any CPU
		{85D7BF72-0AB1-484B-AD0D-57D1CBC74BFD}.Release|Mixed Platforms.ActiveCfg = Release|Any CPU
		{85D7BF72-0AB1-484B-AD0D-57D1CBC74BFD}.Release|Mixed Platforms.Build.0 = Release|Any CPU
		{85D7BF72-0AB1-484B-AD0D-57D1CBC74BFD}.Release|x86.ActiveCfg = Release|Any CPU
		{85D7BF72-0AB1-484B-AD0D-57D1CBC74BFD}.Release|x86.Build.0 = Release|Any CPU
		{85D7BF72-0AB1-484B-AD0D-57D1CBC74BFD}.SingleImage|Any CPU.ActiveCfg = Release|Any CPU
		{85D7BF72-0AB1-484B-AD0D-57D1CBC74BFD}.SingleImage|Any CPU.Build.0 = Release|Any CPU
		{85D7BF72-0AB1-484B-AD0D-57D1CBC74BFD}.SingleImage|Mixed Platforms.ActiveCfg = Release|Any CPU
		{85D7BF72-0AB1-484B-AD0D-57D1CBC74BFD}.SingleImage|Mixed Platforms.Build.0 = Release|Any CPU
		{85D7BF72-0AB1-484B-AD0D-57D1CBC74BFD}.SingleImage|x86.ActiveCfg = Release|Any CPU
	EndGlobalSection
	GlobalSection(SolutionProperties) = preSolution
		HideSolutionNode = FALSE
	EndGlobalSection
EndGlobal
